// !$*UTF8*$!
{
	archiveVersion = 1;
	classes = {
	};
	objectVersion = 50;
	objects = {

/* Begin PBXBuildFile section */
		3834A99D21D0A734003F4013 /* Constants.swift in Sources */ = {isa = PBXBuildFile; fileRef = 3834A99C21D0A734003F4013 /* Constants.swift */; };
		3834A9A421D0A8D1003F4013 /* UserCardCell.xib in Resources */ = {isa = PBXBuildFile; fileRef = 3834A9A321D0A8D1003F4013 /* UserCardCell.xib */; };
		3834A9A621D0AA47003F4013 /* UserCardCell.swift in Sources */ = {isa = PBXBuildFile; fileRef = 3834A9A521D0AA47003F4013 /* UserCardCell.swift */; };
		3876E68921D0A39200489D2C /* AppDelegate.swift in Sources */ = {isa = PBXBuildFile; fileRef = 3876E68821D0A39200489D2C /* AppDelegate.swift */; };
		3876E68B21D0A39200489D2C /* ViewController.swift in Sources */ = {isa = PBXBuildFile; fileRef = 3876E68A21D0A39200489D2C /* ViewController.swift */; };
		3876E68E21D0A39200489D2C /* Main.storyboard in Resources */ = {isa = PBXBuildFile; fileRef = 3876E68C21D0A39200489D2C /* Main.storyboard */; };
		3876E69021D0A39500489D2C /* Assets.xcassets in Resources */ = {isa = PBXBuildFile; fileRef = 3876E68F21D0A39500489D2C /* Assets.xcassets */; };
		3876E69321D0A39500489D2C /* LaunchScreen.storyboard in Resources */ = {isa = PBXBuildFile; fileRef = 3876E69121D0A39500489D2C /* LaunchScreen.storyboard */; };
		3876E69E21D0A39500489D2C /* GithubUsersTests.swift in Sources */ = {isa = PBXBuildFile; fileRef = 3876E69D21D0A39500489D2C /* GithubUsersTests.swift */; };
		3876E6A921D0A39500489D2C /* GithubUsersUITests.swift in Sources */ = {isa = PBXBuildFile; fileRef = 3876E6A821D0A39500489D2C /* GithubUsersUITests.swift */; };
		4BFE64DFCAC00A7083CDEB90 /* Pods_GithubUsersUITests.framework in Frameworks */ = {isa = PBXBuildFile; fileRef = 0C24FFBBB6A3A42CA7F97EA4 /* Pods_GithubUsersUITests.framework */; };
		67C14FE4B31F780753527D02 /* Pods_GithubUsersTests.framework in Frameworks */ = {isa = PBXBuildFile; fileRef = 3957A0022FB13809A2B57DFF /* Pods_GithubUsersTests.framework */; };
		AD787E7459382673124F8ADE /* Pods_GithubUsers.framework in Frameworks */ = {isa = PBXBuildFile; fileRef = 5294C16C7A279171B3894536 /* Pods_GithubUsers.framework */; };
/* End PBXBuildFile section */

/* Begin PBXContainerItemProxy section */
		3876E69A21D0A39500489D2C /* PBXContainerItemProxy */ = {
			isa = PBXContainerItemProxy;
			containerPortal = 3876E67D21D0A39200489D2C /* Project object */;
			proxyType = 1;
			remoteGlobalIDString = 3876E68421D0A39200489D2C;
			remoteInfo = GithubUsers;
		};
		3876E6A521D0A39500489D2C /* PBXContainerItemProxy */ = {
			isa = PBXContainerItemProxy;
			containerPortal = 3876E67D21D0A39200489D2C /* Project object */;
			proxyType = 1;
			remoteGlobalIDString = 3876E68421D0A39200489D2C;
			remoteInfo = GithubUsers;
		};
/* End PBXContainerItemProxy section */

/* Begin PBXFileReference section */
		0C24FFBBB6A3A42CA7F97EA4 /* Pods_GithubUsersUITests.framework */ = {isa = PBXFileReference; explicitFileType = wrapper.framework; includeInIndex = 0; path = Pods_GithubUsersUITests.framework; sourceTree = BUILT_PRODUCTS_DIR; };
		3834A99C21D0A734003F4013 /* Constants.swift */ = {isa = PBXFileReference; lastKnownFileType = sourcecode.swift; path = Constants.swift; sourceTree = "<group>"; };
		3834A9A321D0A8D1003F4013 /* UserCardCell.xib */ = {isa = PBXFileReference; lastKnownFileType = file.xib; path = UserCardCell.xib; sourceTree = "<group>"; };
		3834A9A521D0AA47003F4013 /* UserCardCell.swift */ = {isa = PBXFileReference; lastKnownFileType = sourcecode.swift; path = UserCardCell.swift; sourceTree = "<group>"; };
		3876E68521D0A39200489D2C /* GithubUsers.app */ = {isa = PBXFileReference; explicitFileType = wrapper.application; includeInIndex = 0; path = GithubUsers.app; sourceTree = BUILT_PRODUCTS_DIR; };
		3876E68821D0A39200489D2C /* AppDelegate.swift */ = {isa = PBXFileReference; lastKnownFileType = sourcecode.swift; path = AppDelegate.swift; sourceTree = "<group>"; };
		3876E68A21D0A39200489D2C /* ViewController.swift */ = {isa = PBXFileReference; lastKnownFileType = sourcecode.swift; path = ViewController.swift; sourceTree = "<group>"; };
		3876E68D21D0A39200489D2C /* Base */ = {isa = PBXFileReference; lastKnownFileType = file.storyboard; name = Base; path = Base.lproj/Main.storyboard; sourceTree = "<group>"; };
		3876E68F21D0A39500489D2C /* Assets.xcassets */ = {isa = PBXFileReference; lastKnownFileType = folder.assetcatalog; path = Assets.xcassets; sourceTree = "<group>"; };
		3876E69221D0A39500489D2C /* Base */ = {isa = PBXFileReference; lastKnownFileType = file.storyboard; name = Base; path = Base.lproj/LaunchScreen.storyboard; sourceTree = "<group>"; };
		3876E69421D0A39500489D2C /* Info.plist */ = {isa = PBXFileReference; lastKnownFileType = text.plist.xml; path = Info.plist; sourceTree = "<group>"; };
		3876E69921D0A39500489D2C /* GithubUsersTests.xctest */ = {isa = PBXFileReference; explicitFileType = wrapper.cfbundle; includeInIndex = 0; path = GithubUsersTests.xctest; sourceTree = BUILT_PRODUCTS_DIR; };
		3876E69D21D0A39500489D2C /* GithubUsersTests.swift */ = {isa = PBXFileReference; lastKnownFileType = sourcecode.swift; path = GithubUsersTests.swift; sourceTree = "<group>"; };
		3876E69F21D0A39500489D2C /* Info.plist */ = {isa = PBXFileReference; lastKnownFileType = text.plist.xml; path = Info.plist; sourceTree = "<group>"; };
		3876E6A421D0A39500489D2C /* GithubUsersUITests.xctest */ = {isa = PBXFileReference; explicitFileType = wrapper.cfbundle; includeInIndex = 0; path = GithubUsersUITests.xctest; sourceTree = BUILT_PRODUCTS_DIR; };
		3876E6A821D0A39500489D2C /* GithubUsersUITests.swift */ = {isa = PBXFileReference; lastKnownFileType = sourcecode.swift; path = GithubUsersUITests.swift; sourceTree = "<group>"; };
		3876E6AA21D0A39500489D2C /* Info.plist */ = {isa = PBXFileReference; lastKnownFileType = text.plist.xml; path = Info.plist; sourceTree = "<group>"; };
		3957A0022FB13809A2B57DFF /* Pods_GithubUsersTests.framework */ = {isa = PBXFileReference; explicitFileType = wrapper.framework; includeInIndex = 0; path = Pods_GithubUsersTests.framework; sourceTree = BUILT_PRODUCTS_DIR; };
		3D989BA29EBC10EAE9E88B1D /* Pods-GithubUsersTests.debug.xcconfig */ = {isa = PBXFileReference; includeInIndex = 1; lastKnownFileType = text.xcconfig; name = "Pods-GithubUsersTests.debug.xcconfig"; path = "Pods/Target Support Files/Pods-GithubUsersTests/Pods-GithubUsersTests.debug.xcconfig"; sourceTree = "<group>"; };
		5294C16C7A279171B3894536 /* Pods_GithubUsers.framework */ = {isa = PBXFileReference; explicitFileType = wrapper.framework; includeInIndex = 0; path = Pods_GithubUsers.framework; sourceTree = BUILT_PRODUCTS_DIR; };
		54E1BF619F5355515A6F5B2B /* Pods-GithubUsersUITests.debug.xcconfig */ = {isa = PBXFileReference; includeInIndex = 1; lastKnownFileType = text.xcconfig; name = "Pods-GithubUsersUITests.debug.xcconfig"; path = "Pods/Target Support Files/Pods-GithubUsersUITests/Pods-GithubUsersUITests.debug.xcconfig"; sourceTree = "<group>"; };
		61D556C6E7CE455480C2BB30 /* Pods-GithubUsersUITests.release.xcconfig */ = {isa = PBXFileReference; includeInIndex = 1; lastKnownFileType = text.xcconfig; name = "Pods-GithubUsersUITests.release.xcconfig"; path = "Pods/Target Support Files/Pods-GithubUsersUITests/Pods-GithubUsersUITests.release.xcconfig"; sourceTree = "<group>"; };
		9D98DC4177ED32EE092E32B4 /* Pods-GithubUsers.debug.xcconfig */ = {isa = PBXFileReference; includeInIndex = 1; lastKnownFileType = text.xcconfig; name = "Pods-GithubUsers.debug.xcconfig"; path = "Pods/Target Support Files/Pods-GithubUsers/Pods-GithubUsers.debug.xcconfig"; sourceTree = "<group>"; };
		CEE5F6D1CFC803FE7060B078 /* Pods-GithubUsers.release.xcconfig */ = {isa = PBXFileReference; includeInIndex = 1; lastKnownFileType = text.xcconfig; name = "Pods-GithubUsers.release.xcconfig"; path = "Pods/Target Support Files/Pods-GithubUsers/Pods-GithubUsers.release.xcconfig"; sourceTree = "<group>"; };
		E772176A8D14C5A1B166FD8C /* Pods-GithubUsersTests.release.xcconfig */ = {isa = PBXFileReference; includeInIndex = 1; lastKnownFileType = text.xcconfig; name = "Pods-GithubUsersTests.release.xcconfig"; path = "Pods/Target Support Files/Pods-GithubUsersTests/Pods-GithubUsersTests.release.xcconfig"; sourceTree = "<group>"; };
/* End PBXFileReference section */

/* Begin PBXFrameworksBuildPhase section */
		3876E68221D0A39200489D2C /* Frameworks */ = {
			isa = PBXFrameworksBuildPhase;
			buildActionMask = 2147483647;
			files = (
				AD787E7459382673124F8ADE /* Pods_GithubUsers.framework in Frameworks */,
			);
			runOnlyForDeploymentPostprocessing = 0;
		};
		3876E69621D0A39500489D2C /* Frameworks */ = {
			isa = PBXFrameworksBuildPhase;
			buildActionMask = 2147483647;
			files = (
				67C14FE4B31F780753527D02 /* Pods_GithubUsersTests.framework in Frameworks */,
			);
			runOnlyForDeploymentPostprocessing = 0;
		};
		3876E6A121D0A39500489D2C /* Frameworks */ = {
			isa = PBXFrameworksBuildPhase;
			buildActionMask = 2147483647;
			files = (
				4BFE64DFCAC00A7083CDEB90 /* Pods_GithubUsersUITests.framework in Frameworks */,
			);
			runOnlyForDeploymentPostprocessing = 0;
		};
/* End PBXFrameworksBuildPhase section */

/* Begin PBXGroup section */
		3834A99E21D0A806003F4013 /* Views */ = {
			isa = PBXGroup;
			children = (
				3834A9A321D0A8D1003F4013 /* UserCardCell.xib */,
				3834A9A521D0AA47003F4013 /* UserCardCell.swift */,
			);
			path = Views;
			sourceTree = "<group>";
		};
		3834A99F21D0A827003F4013 /* Models */ = {
			isa = PBXGroup;
			children = (
			);
			path = Models;
			sourceTree = "<group>";
		};
		3834A9A021D0A837003F4013 /* Controllers */ = {
			isa = PBXGroup;
			children = (
				3876E68A21D0A39200489D2C /* ViewController.swift */,
			);
			path = Controllers;
			sourceTree = "<group>";
		};
		3876E67C21D0A39200489D2C = {
			isa = PBXGroup;
			children = (
				3876E68721D0A39200489D2C /* GithubUsers */,
				3876E69C21D0A39500489D2C /* GithubUsersTests */,
				3876E6A721D0A39500489D2C /* GithubUsersUITests */,
				3876E68621D0A39200489D2C /* Products */,
				CA7B49FA4BB83BB34B5B761A /* Pods */,
				BAD72A337C7D3E7FFA329922 /* Frameworks */,
			);
			sourceTree = "<group>";
		};
		3876E68621D0A39200489D2C /* Products */ = {
			isa = PBXGroup;
			children = (
				3876E68521D0A39200489D2C /* GithubUsers.app */,
				3876E69921D0A39500489D2C /* GithubUsersTests.xctest */,
				3876E6A421D0A39500489D2C /* GithubUsersUITests.xctest */,
			);
			name = Products;
			sourceTree = "<group>";
		};
		3876E68721D0A39200489D2C /* GithubUsers */ = {
			isa = PBXGroup;
			children = (
				3834A9A021D0A837003F4013 /* Controllers */,
				3834A99F21D0A827003F4013 /* Models */,
				3834A99E21D0A806003F4013 /* Views */,
				3876E68821D0A39200489D2C /* AppDelegate.swift */,
				3876E68C21D0A39200489D2C /* Main.storyboard */,
				3876E68F21D0A39500489D2C /* Assets.xcassets */,
				3876E69121D0A39500489D2C /* LaunchScreen.storyboard */,
				3876E69421D0A39500489D2C /* Info.plist */,
				3834A99C21D0A734003F4013 /* Constants.swift */,
			);
			path = GithubUsers;
			sourceTree = "<group>";
		};
		3876E69C21D0A39500489D2C /* GithubUsersTests */ = {
			isa = PBXGroup;
			children = (
				3876E69D21D0A39500489D2C /* GithubUsersTests.swift */,
				3876E69F21D0A39500489D2C /* Info.plist */,
			);
			path = GithubUsersTests;
			sourceTree = "<group>";
		};
		3876E6A721D0A39500489D2C /* GithubUsersUITests */ = {
			isa = PBXGroup;
			children = (
				3876E6A821D0A39500489D2C /* GithubUsersUITests.swift */,
				3876E6AA21D0A39500489D2C /* Info.plist */,
			);
			path = GithubUsersUITests;
			sourceTree = "<group>";
		};
		BAD72A337C7D3E7FFA329922 /* Frameworks */ = {
			isa = PBXGroup;
			children = (
				5294C16C7A279171B3894536 /* Pods_GithubUsers.framework */,
				3957A0022FB13809A2B57DFF /* Pods_GithubUsersTests.framework */,
				0C24FFBBB6A3A42CA7F97EA4 /* Pods_GithubUsersUITests.framework */,
			);
			name = Frameworks;
			sourceTree = "<group>";
		};
		CA7B49FA4BB83BB34B5B761A /* Pods */ = {
			isa = PBXGroup;
			children = (
				9D98DC4177ED32EE092E32B4 /* Pods-GithubUsers.debug.xcconfig */,
				CEE5F6D1CFC803FE7060B078 /* Pods-GithubUsers.release.xcconfig */,
				3D989BA29EBC10EAE9E88B1D /* Pods-GithubUsersTests.debug.xcconfig */,
				E772176A8D14C5A1B166FD8C /* Pods-GithubUsersTests.release.xcconfig */,
				54E1BF619F5355515A6F5B2B /* Pods-GithubUsersUITests.debug.xcconfig */,
				61D556C6E7CE455480C2BB30 /* Pods-GithubUsersUITests.release.xcconfig */,
			);
			name = Pods;
			sourceTree = "<group>";
		};
/* End PBXGroup section */

/* Begin PBXNativeTarget section */
		3876E68421D0A39200489D2C /* GithubUsers */ = {
			isa = PBXNativeTarget;
			buildConfigurationList = 3876E6AD21D0A39500489D2C /* Build configuration list for PBXNativeTarget "GithubUsers" */;
			buildPhases = (
				63A886EF5C43F2C9EED1ECB2 /* [CP] Check Pods Manifest.lock */,
				3876E68121D0A39200489D2C /* Sources */,
				3876E68221D0A39200489D2C /* Frameworks */,
				3876E68321D0A39200489D2C /* Resources */,
				3C3A27B7C0B354FF487711C2 /* [CP] Embed Pods Frameworks */,
			);
			buildRules = (
			);
			dependencies = (
			);
			name = GithubUsers;
			productName = GithubUsers;
			productReference = 3876E68521D0A39200489D2C /* GithubUsers.app */;
			productType = "com.apple.product-type.application";
		};
		3876E69821D0A39500489D2C /* GithubUsersTests */ = {
			isa = PBXNativeTarget;
			buildConfigurationList = 3876E6B021D0A39500489D2C /* Build configuration list for PBXNativeTarget "GithubUsersTests" */;
			buildPhases = (
				F7FD9CF738E53337131D7A38 /* [CP] Check Pods Manifest.lock */,
				3876E69521D0A39500489D2C /* Sources */,
				3876E69621D0A39500489D2C /* Frameworks */,
				3876E69721D0A39500489D2C /* Resources */,
			);
			buildRules = (
			);
			dependencies = (
				3876E69B21D0A39500489D2C /* PBXTargetDependency */,
			);
			name = GithubUsersTests;
			productName = GithubUsersTests;
			productReference = 3876E69921D0A39500489D2C /* GithubUsersTests.xctest */;
			productType = "com.apple.product-type.bundle.unit-test";
		};
		3876E6A321D0A39500489D2C /* GithubUsersUITests */ = {
			isa = PBXNativeTarget;
			buildConfigurationList = 3876E6B321D0A39500489D2C /* Build configuration list for PBXNativeTarget "GithubUsersUITests" */;
			buildPhases = (
				EBFD44E4C97214E828E28A62 /* [CP] Check Pods Manifest.lock */,
				3876E6A021D0A39500489D2C /* Sources */,
				3876E6A121D0A39500489D2C /* Frameworks */,
				3876E6A221D0A39500489D2C /* Resources */,
			);
			buildRules = (
			);
			dependencies = (
				3876E6A621D0A39500489D2C /* PBXTargetDependency */,
			);
			name = GithubUsersUITests;
			productName = GithubUsersUITests;
			productReference = 3876E6A421D0A39500489D2C /* GithubUsersUITests.xctest */;
			productType = "com.apple.product-type.bundle.ui-testing";
		};
/* End PBXNativeTarget section */

/* Begin PBXProject section */
		3876E67D21D0A39200489D2C /* Project object */ = {
			isa = PBXProject;
			attributes = {
				LastSwiftUpdateCheck = 1000;
				LastUpgradeCheck = 1000;
				ORGANIZATIONNAME = "Alvaro Rojas ";
				TargetAttributes = {
					3876E68421D0A39200489D2C = {
						CreatedOnToolsVersion = 10.0;
					};
					3876E69821D0A39500489D2C = {
						CreatedOnToolsVersion = 10.0;
						TestTargetID = 3876E68421D0A39200489D2C;
					};
					3876E6A321D0A39500489D2C = {
						CreatedOnToolsVersion = 10.0;
						TestTargetID = 3876E68421D0A39200489D2C;
					};
				};
			};
			buildConfigurationList = 3876E68021D0A39200489D2C /* Build configuration list for PBXProject "GithubUsers" */;
			compatibilityVersion = "Xcode 9.3";
			developmentRegion = en;
			hasScannedForEncodings = 0;
			knownRegions = (
				en,
				Base,
			);
			mainGroup = 3876E67C21D0A39200489D2C;
			productRefGroup = 3876E68621D0A39200489D2C /* Products */;
			projectDirPath = "";
			projectRoot = "";
			targets = (
				3876E68421D0A39200489D2C /* GithubUsers */,
				3876E69821D0A39500489D2C /* GithubUsersTests */,
				3876E6A321D0A39500489D2C /* GithubUsersUITests */,
			);
		};
/* End PBXProject section */

/* Begin PBXResourcesBuildPhase section */
		3876E68321D0A39200489D2C /* Resources */ = {
			isa = PBXResourcesBuildPhase;
			buildActionMask = 2147483647;
			files = (
				3876E69321D0A39500489D2C /* LaunchScreen.storyboard in Resources */,
				3876E69021D0A39500489D2C /* Assets.xcassets in Resources */,
				3834A9A421D0A8D1003F4013 /* UserCardCell.xib in Resources */,
				3876E68E21D0A39200489D2C /* Main.storyboard in Resources */,
			);
			runOnlyForDeploymentPostprocessing = 0;
		};
		3876E69721D0A39500489D2C /* Resources */ = {
			isa = PBXResourcesBuildPhase;
			buildActionMask = 2147483647;
			files = (
			);
			runOnlyForDeploymentPostprocessing = 0;
		};
		3876E6A221D0A39500489D2C /* Resources */ = {
			isa = PBXResourcesBuildPhase;
			buildActionMask = 2147483647;
			files = (
			);
			runOnlyForDeploymentPostprocessing = 0;
		};
/* End PBXResourcesBuildPhase section */

/* Begin PBXShellScriptBuildPhase section */
		3C3A27B7C0B354FF487711C2 /* [CP] Embed Pods Frameworks */ = {
			isa = PBXShellScriptBuildPhase;
			buildActionMask = 2147483647;
			files = (
			);
			inputFileListPaths = (
			);
			inputPaths = (
				"${SRCROOT}/Pods/Target Support Files/Pods-GithubUsers/Pods-GithubUsers-frameworks.sh",
				"${BUILT_PRODUCTS_DIR}/Alamofire/Alamofire.framework",
				"${BUILT_PRODUCTS_DIR}/SwiftyJSON/SwiftyJSON.framework",
			);
			name = "[CP] Embed Pods Frameworks";
			outputFileListPaths = (
			);
			outputPaths = (
				"${TARGET_BUILD_DIR}/${FRAMEWORKS_FOLDER_PATH}/Alamofire.framework",
				"${TARGET_BUILD_DIR}/${FRAMEWORKS_FOLDER_PATH}/SwiftyJSON.framework",
			);
			runOnlyForDeploymentPostprocessing = 0;
			shellPath = /bin/sh;
			shellScript = "\"${SRCROOT}/Pods/Target Support Files/Pods-GithubUsers/Pods-GithubUsers-frameworks.sh\"\n";
			showEnvVarsInLog = 0;
		};
		63A886EF5C43F2C9EED1ECB2 /* [CP] Check Pods Manifest.lock */ = {
			isa = PBXShellScriptBuildPhase;
			buildActionMask = 2147483647;
			files = (
			);
			inputFileListPaths = (
			);
			inputPaths = (
				"${PODS_PODFILE_DIR_PATH}/Podfile.lock",
				"${PODS_ROOT}/Manifest.lock",
			);
			name = "[CP] Check Pods Manifest.lock";
			outputFileListPaths = (
			);
			outputPaths = (
				"$(DERIVED_FILE_DIR)/Pods-GithubUsers-checkManifestLockResult.txt",
			);
			runOnlyForDeploymentPostprocessing = 0;
			shellPath = /bin/sh;
			shellScript = "diff \"${PODS_PODFILE_DIR_PATH}/Podfile.lock\" \"${PODS_ROOT}/Manifest.lock\" > /dev/null\nif [ $? != 0 ] ; then\n    # print error to STDERR\n    echo \"error: The sandbox is not in sync with the Podfile.lock. Run 'pod install' or update your CocoaPods installation.\" >&2\n    exit 1\nfi\n# This output is used by Xcode 'outputs' to avoid re-running this script phase.\necho \"SUCCESS\" > \"${SCRIPT_OUTPUT_FILE_0}\"\n";
			showEnvVarsInLog = 0;
		};
		EBFD44E4C97214E828E28A62 /* [CP] Check Pods Manifest.lock */ = {
			isa = PBXShellScriptBuildPhase;
			buildActionMask = 2147483647;
			files = (
			);
			inputFileListPaths = (
			);
			inputPaths = (
				"${PODS_PODFILE_DIR_PATH}/Podfile.lock",
				"${PODS_ROOT}/Manifest.lock",
			);
			name = "[CP] Check Pods Manifest.lock";
			outputFileListPaths = (
			);
			outputPaths = (
				"$(DERIVED_FILE_DIR)/Pods-GithubUsersUITests-checkManifestLockResult.txt",
			);
			runOnlyForDeploymentPostprocessing = 0;
			shellPath = /bin/sh;
			shellScript = "diff \"${PODS_PODFILE_DIR_PATH}/Podfile.lock\" \"${PODS_ROOT}/Manifest.lock\" > /dev/null\nif [ $? != 0 ] ; then\n    # print error to STDERR\n    echo \"error: The sandbox is not in sync with the Podfile.lock. Run 'pod install' or update your CocoaPods installation.\" >&2\n    exit 1\nfi\n# This output is used by Xcode 'outputs' to avoid re-running this script phase.\necho \"SUCCESS\" > \"${SCRIPT_OUTPUT_FILE_0}\"\n";
			showEnvVarsInLog = 0;
		};
		F7FD9CF738E53337131D7A38 /* [CP] Check Pods Manifest.lock */ = {
			isa = PBXShellScriptBuildPhase;
			buildActionMask = 2147483647;
			files = (
			);
			inputFileListPaths = (
			);
			inputPaths = (
				"${PODS_PODFILE_DIR_PATH}/Podfile.lock",
				"${PODS_ROOT}/Manifest.lock",
			);
			name = "[CP] Check Pods Manifest.lock";
			outputFileListPaths = (
			);
			outputPaths = (
				"$(DERIVED_FILE_DIR)/Pods-GithubUsersTests-checkManifestLockResult.txt",
			);
			runOnlyForDeploymentPostprocessing = 0;
			shellPath = /bin/sh;
			shellScript = "diff \"${PODS_PODFILE_DIR_PATH}/Podfile.lock\" \"${PODS_ROOT}/Manifest.lock\" > /dev/null\nif [ $? != 0 ] ; then\n    # print error to STDERR\n    echo \"error: The sandbox is not in sync with the Podfile.lock. Run 'pod install' or update your CocoaPods installation.\" >&2\n    exit 1\nfi\n# This output is used by Xcode 'outputs' to avoid re-running this script phase.\necho \"SUCCESS\" > \"${SCRIPT_OUTPUT_FILE_0}\"\n";
			showEnvVarsInLog = 0;
		};
/* End PBXShellScriptBuildPhase section */

/* Begin PBXSourcesBuildPhase section */
		3876E68121D0A39200489D2C /* Sources */ = {
			isa = PBXSourcesBuildPhase;
			buildActionMask = 2147483647;
			files = (
				3876E68B21D0A39200489D2C /* ViewController.swift in Sources */,
				3876E68921D0A39200489D2C /* AppDelegate.swift in Sources */,
				3834A9A621D0AA47003F4013 /* UserCardCell.swift in Sources */,
				3834A99D21D0A734003F4013 /* Constants.swift in Sources */,
			);
			runOnlyForDeploymentPostprocessing = 0;
		};
		3876E69521D0A39500489D2C /* Sources */ = {
			isa = PBXSourcesBuildPhase;
			buildActionMask = 2147483647;
			files = (
				3876E69E21D0A39500489D2C /* GithubUsersTests.swift in Sources */,
			);
			runOnlyForDeploymentPostprocessing = 0;
		};
		3876E6A021D0A39500489D2C /* Sources */ = {
			isa = PBXSourcesBuildPhase;
			buildActionMask = 2147483647;
			files = (
				3876E6A921D0A39500489D2C /* GithubUsersUITests.swift in Sources */,
			);
			runOnlyForDeploymentPostprocessing = 0;
		};
/* End PBXSourcesBuildPhase section */

/* Begin PBXTargetDependency section */
		3876E69B21D0A39500489D2C /* PBXTargetDependency */ = {
			isa = PBXTargetDependency;
			target = 3876E68421D0A39200489D2C /* GithubUsers */;
			targetProxy = 3876E69A21D0A39500489D2C /* PBXContainerItemProxy */;
		};
		3876E6A621D0A39500489D2C /* PBXTargetDependency */ = {
			isa = PBXTargetDependency;
			target = 3876E68421D0A39200489D2C /* GithubUsers */;
			targetProxy = 3876E6A521D0A39500489D2C /* PBXContainerItemProxy */;
		};
/* End PBXTargetDependency section */

/* Begin PBXVariantGroup section */
		3876E68C21D0A39200489D2C /* Main.storyboard */ = {
			isa = PBXVariantGroup;
			children = (
				3876E68D21D0A39200489D2C /* Base */,
			);
			name = Main.storyboard;
			sourceTree = "<group>";
		};
		3876E69121D0A39500489D2C /* LaunchScreen.storyboard */ = {
			isa = PBXVariantGroup;
			children = (
				3876E69221D0A39500489D2C /* Base */,
			);
			name = LaunchScreen.storyboard;
			sourceTree = "<group>";
		};
/* End PBXVariantGroup section */

/* Begin XCBuildConfiguration section */
		3876E6AB21D0A39500489D2C /* Debug */ = {
			isa = XCBuildConfiguration;
			buildSettings = {
				ALWAYS_SEARCH_USER_PATHS = NO;
				CLANG_ANALYZER_NONNULL = YES;
				CLANG_ANALYZER_NUMBER_OBJECT_CONVERSION = YES_AGGRESSIVE;
				CLANG_CXX_LANGUAGE_STANDARD = "gnu++14";
				CLANG_CXX_LIBRARY = "libc++";
				CLANG_ENABLE_MODULES = YES;
				CLANG_ENABLE_OBJC_ARC = YES;
				CLANG_ENABLE_OBJC_WEAK = YES;
				CLANG_WARN_BLOCK_CAPTURE_AUTORELEASING = YES;
				CLANG_WARN_BOOL_CONVERSION = YES;
				CLANG_WARN_COMMA = YES;
				CLANG_WARN_CONSTANT_CONVERSION = YES;
				CLANG_WARN_DEPRECATED_OBJC_IMPLEMENTATIONS = YES;
				CLANG_WARN_DIRECT_OBJC_ISA_USAGE = YES_ERROR;
				CLANG_WARN_DOCUMENTATION_COMMENTS = YES;
				CLANG_WARN_EMPTY_BODY = YES;
				CLANG_WARN_ENUM_CONVERSION = YES;
				CLANG_WARN_INFINITE_RECURSION = YES;
				CLANG_WARN_INT_CONVERSION = YES;
				CLANG_WARN_NON_LITERAL_NULL_CONVERSION = YES;
				CLANG_WARN_OBJC_IMPLICIT_RETAIN_SELF = YES;
				CLANG_WARN_OBJC_LITERAL_CONVERSION = YES;
				CLANG_WARN_OBJC_ROOT_CLASS = YES_ERROR;
				CLANG_WARN_RANGE_LOOP_ANALYSIS = YES;
				CLANG_WARN_STRICT_PROTOTYPES = YES;
				CLANG_WARN_SUSPICIOUS_MOVE = YES;
				CLANG_WARN_UNGUARDED_AVAILABILITY = YES_AGGRESSIVE;
				CLANG_WARN_UNREACHABLE_CODE = YES;
				CLANG_WARN__DUPLICATE_METHOD_MATCH = YES;
				CODE_SIGN_IDENTITY = "iPhone Developer";
				COPY_PHASE_STRIP = NO;
				DEBUG_INFORMATION_FORMAT = dwarf;
				ENABLE_STRICT_OBJC_MSGSEND = YES;
				ENABLE_TESTABILITY = YES;
				GCC_C_LANGUAGE_STANDARD = gnu11;
				GCC_DYNAMIC_NO_PIC = NO;
				GCC_NO_COMMON_BLOCKS = YES;
				GCC_OPTIMIZATION_LEVEL = 0;
				GCC_PREPROCESSOR_DEFINITIONS = (
					"DEBUG=1",
					"$(inherited)",
				);
				GCC_WARN_64_TO_32_BIT_CONVERSION = YES;
				GCC_WARN_ABOUT_RETURN_TYPE = YES_ERROR;
				GCC_WARN_UNDECLARED_SELECTOR = YES;
				GCC_WARN_UNINITIALIZED_AUTOS = YES_AGGRESSIVE;
				GCC_WARN_UNUSED_FUNCTION = YES;
				GCC_WARN_UNUSED_VARIABLE = YES;
				IPHONEOS_DEPLOYMENT_TARGET = 12.0;
				MTL_ENABLE_DEBUG_INFO = INCLUDE_SOURCE;
				MTL_FAST_MATH = YES;
				ONLY_ACTIVE_ARCH = YES;
				SDKROOT = iphoneos;
				SWIFT_ACTIVE_COMPILATION_CONDITIONS = DEBUG;
				SWIFT_OPTIMIZATION_LEVEL = "-Onone";
			};
			name = Debug;
		};
		3876E6AC21D0A39500489D2C /* Release */ = {
			isa = XCBuildConfiguration;
			buildSettings = {
				ALWAYS_SEARCH_USER_PATHS = NO;
				CLANG_ANALYZER_NONNULL = YES;
				CLANG_ANALYZER_NUMBER_OBJECT_CONVERSION = YES_AGGRESSIVE;
				CLANG_CXX_LANGUAGE_STANDARD = "gnu++14";
				CLANG_CXX_LIBRARY = "libc++";
				CLANG_ENABLE_MODULES = YES;
				CLANG_ENABLE_OBJC_ARC = YES;
				CLANG_ENABLE_OBJC_WEAK = YES;
				CLANG_WARN_BLOCK_CAPTURE_AUTORELEASING = YES;
				CLANG_WARN_BOOL_CONVERSION = YES;
				CLANG_WARN_COMMA = YES;
				CLANG_WARN_CONSTANT_CONVERSION = YES;
				CLANG_WARN_DEPRECATED_OBJC_IMPLEMENTATIONS = YES;
				CLANG_WARN_DIRECT_OBJC_ISA_USAGE = YES_ERROR;
				CLANG_WARN_DOCUMENTATION_COMMENTS = YES;
				CLANG_WARN_EMPTY_BODY = YES;
				CLANG_WARN_ENUM_CONVERSION = YES;
				CLANG_WARN_INFINITE_RECURSION = YES;
				CLANG_WARN_INT_CONVERSION = YES;
				CLANG_WARN_NON_LITERAL_NULL_CONVERSION = YES;
				CLANG_WARN_OBJC_IMPLICIT_RETAIN_SELF = YES;
				CLANG_WARN_OBJC_LITERAL_CONVERSION = YES;
				CLANG_WARN_OBJC_ROOT_CLASS = YES_ERROR;
				CLANG_WARN_RANGE_LOOP_ANALYSIS = YES;
				CLANG_WARN_STRICT_PROTOTYPES = YES;
				CLANG_WARN_SUSPICIOUS_MOVE = YES;
				CLANG_WARN_UNGUARDED_AVAILABILITY = YES_AGGRESSIVE;
				CLANG_WARN_UNREACHABLE_CODE = YES;
				CLANG_WARN__DUPLICATE_METHOD_MATCH = YES;
				CODE_SIGN_IDENTITY = "iPhone Developer";
				COPY_PHASE_STRIP = NO;
				DEBUG_INFORMATION_FORMAT = "dwarf-with-dsym";
				ENABLE_NS_ASSERTIONS = NO;
				ENABLE_STRICT_OBJC_MSGSEND = YES;
				GCC_C_LANGUAGE_STANDARD = gnu11;
				GCC_NO_COMMON_BLOCKS = YES;
				GCC_WARN_64_TO_32_BIT_CONVERSION = YES;
				GCC_WARN_ABOUT_RETURN_TYPE = YES_ERROR;
				GCC_WARN_UNDECLARED_SELECTOR = YES;
				GCC_WARN_UNINITIALIZED_AUTOS = YES_AGGRESSIVE;
				GCC_WARN_UNUSED_FUNCTION = YES;
				GCC_WARN_UNUSED_VARIABLE = YES;
				IPHONEOS_DEPLOYMENT_TARGET = 12.0;
				MTL_ENABLE_DEBUG_INFO = NO;
				MTL_FAST_MATH = YES;
				SDKROOT = iphoneos;
				SWIFT_COMPILATION_MODE = wholemodule;
				SWIFT_OPTIMIZATION_LEVEL = "-O";
				VALIDATE_PRODUCT = YES;
			};
			name = Release;
		};
		3876E6AE21D0A39500489D2C /* Debug */ = {
			isa = XCBuildConfiguration;
			baseConfigurationReference = 9D98DC4177ED32EE092E32B4 /* Pods-GithubUsers.debug.xcconfig */;
			buildSettings = {
				ASSETCATALOG_COMPILER_APPICON_NAME = AppIcon;
				CODE_SIGN_STYLE = Automatic;
				INFOPLIST_FILE = GithubUsers/Info.plist;
				LD_RUNPATH_SEARCH_PATHS = (
					"$(inherited)",
					"@executable_path/Frameworks",
				);
				PRODUCT_BUNDLE_IDENTIFIER = com.arojas.GithubUsers;
				PRODUCT_NAME = "$(TARGET_NAME)";
				SWIFT_VERSION = 4.2;
				TARGETED_DEVICE_FAMILY = "1,2";
			};
			name = Debug;
		};
		3876E6AF21D0A39500489D2C /* Release */ = {
			isa = XCBuildConfiguration;
			baseConfigurationReference = CEE5F6D1CFC803FE7060B078 /* Pods-GithubUsers.release.xcconfig */;
			buildSettings = {
				ASSETCATALOG_COMPILER_APPICON_NAME = AppIcon;
				CODE_SIGN_STYLE = Automatic;
				INFOPLIST_FILE = GithubUsers/Info.plist;
				LD_RUNPATH_SEARCH_PATHS = (
					"$(inherited)",
					"@executable_path/Frameworks",
				);
				PRODUCT_BUNDLE_IDENTIFIER = com.arojas.GithubUsers;
				PRODUCT_NAME = "$(TARGET_NAME)";
				SWIFT_VERSION = 4.2;
				TARGETED_DEVICE_FAMILY = "1,2";
			};
			name = Release;
		};
		3876E6B121D0A39500489D2C /* Debug */ = {
			isa = XCBuildConfiguration;
			baseConfigurationReference = 3D989BA29EBC10EAE9E88B1D /* Pods-GithubUsersTests.debug.xcconfig */;
			buildSettings = {
				ALWAYS_EMBED_SWIFT_STANDARD_LIBRARIES = YES;
				BUNDLE_LOADER = "$(TEST_HOST)";
				CODE_SIGN_STYLE = Automatic;
				INFOPLIST_FILE = GithubUsersTests/Info.plist;
				LD_RUNPATH_SEARCH_PATHS = (
					"$(inherited)",
					"@executable_path/Frameworks",
					"@loader_path/Frameworks",
				);
				PRODUCT_BUNDLE_IDENTIFIER = com.arojas.GithubUsersTests;
				PRODUCT_NAME = "$(TARGET_NAME)";
				SWIFT_VERSION = 4.2;
				TARGETED_DEVICE_FAMILY = "1,2";
				TEST_HOST = "$(BUILT_PRODUCTS_DIR)/GithubUsers.app/GithubUsers";
			};
			name = Debug;
		};
		3876E6B221D0A39500489D2C /* Release */ = {
			isa = XCBuildConfiguration;
			baseConfigurationReference = E772176A8D14C5A1B166FD8C /* Pods-GithubUsersTests.release.xcconfig */;
			buildSettings = {
				ALWAYS_EMBED_SWIFT_STANDARD_LIBRARIES = YES;
				BUNDLE_LOADER = "$(TEST_HOST)";
				CODE_SIGN_STYLE = Automatic;
				INFOPLIST_FILE = GithubUsersTests/Info.plist;
				LD_RUNPATH_SEARCH_PATHS = (
					"$(inherited)",
					"@executable_path/Frameworks",
					"@loader_path/Frameworks",
				);
				PRODUCT_BUNDLE_IDENTIFIER = com.arojas.GithubUsersTests;
				PRODUCT_NAME = "$(TARGET_NAME)";
				SWIFT_VERSION = 4.2;
				TARGETED_DEVICE_FAMILY = "1,2";
				TEST_HOST = "$(BUILT_PRODUCTS_DIR)/GithubUsers.app/GithubUsers";
			};
			name = Release;
		};
		3876E6B421D0A39500489D2C /* Debug */ = {
			isa = XCBuildConfiguration;
			baseConfigurationReference = 54E1BF619F5355515A6F5B2B /* Pods-GithubUsersUITests.debug.xcconfig */;
			buildSettings = {
				ALWAYS_EMBED_SWIFT_STANDARD_LIBRARIES = YES;
				CODE_SIGN_STYLE = Automatic;
				INFOPLIST_FILE = GithubUsersUITests/Info.plist;
				LD_RUNPATH_SEARCH_PATHS = (
					"$(inherited)",
					"@executable_path/Frameworks",
					"@loader_path/Frameworks",
				);
				PRODUCT_BUNDLE_IDENTIFIER = com.arojas.GithubUsersUITests;
				PRODUCT_NAME = "$(TARGET_NAME)";
				SWIFT_VERSION = 4.2;
				TARGETED_DEVICE_FAMILY = "1,2";
				TEST_TARGET_NAME = GithubUsers;
			};
			name = Debug;
		};
		3876E6B521D0A39500489D2C /* Release */ = {
			isa = XCBuildConfiguration;
			baseConfigurationReference = 61D556C6E7CE455480C2BB30 /* Pods-GithubUsersUITests.release.xcconfig */;
			buildSettings = {
				ALWAYS_EMBED_SWIFT_STANDARD_LIBRARIES = YES;
				CODE_SIGN_STYLE = Automatic;
				INFOPLIST_FILE = GithubUsersUITests/Info.plist;
				LD_RUNPATH_SEARCH_PATHS = (
					"$(inherited)",
					"@executable_path/Frameworks",
					"@loader_path/Frameworks",
				);
				PRODUCT_BUNDLE_IDENTIFIER = com.arojas.GithubUsersUITests;
				PRODUCT_NAME = "$(TARGET_NAME)";
				SWIFT_VERSION = 4.2;
				TARGETED_DEVICE_FAMILY = "1,2";
				TEST_TARGET_NAME = GithubUsers;
			};
			name = Release;
		};
/* End XCBuildConfiguration section */

/* Begin XCConfigurationList section */
		3876E68021D0A39200489D2C /* Build configuration list for PBXProject "GithubUsers" */ = {
			isa = XCConfigurationList;
			buildConfigurations = (
				3876E6AB21D0A39500489D2C /* Debug */,
				3876E6AC21D0A39500489D2C /* Release */,
			);
			defaultConfigurationIsVisible = 0;
			defaultConfigurationName = Release;
		};
		3876E6AD21D0A39500489D2C /* Build configuration list for PBXNativeTarget "GithubUsers" */ = {
			isa = XCConfigurationList;
			buildConfigurations = (
				3876E6AE21D0A39500489D2C /* Debug */,
				3876E6AF21D0A39500489D2C /* Release */,
			);
			defaultConfigurationIsVisible = 0;
			defaultConfigurationName = Release;
		};
		3876E6B021D0A39500489D2C /* Build configuration list for PBXNativeTarget "GithubUsersTests" */ = {
			isa = XCConfigurationList;
			buildConfigurations = (
				3876E6B121D0A39500489D2C /* Debug */,
				3876E6B221D0A39500489D2C /* Release */,
			);
			defaultConfigurationIsVisible = 0;
			defaultConfigurationName = Release;
		};
		3876E6B321D0A39500489D2C /* Build configuration list for PBXNativeTarget "GithubUsersUITests" */ = {
			isa = XCConfigurationList;
			buildConfigurations = (
				3876E6B421D0A39500489D2C /* Debug */,
				3876E6B521D0A39500489D2C /* Release */,
			);
			defaultConfigurationIsVisible = 0;
			defaultConfigurationName = Release;
		};
/* End XCConfigurationList section */
	};
	rootObject = 3876E67D21D0A39200489D2C /* Project object */;
}
